
Microsoft Visual Studio Solution File, Format Version 12.00
# Visual Studio Version 17
VisualStudioVersion = 17.13.35931.197 d17.13
MinimumVisualStudioVersion = 10.0.40219.1
Project("{FAE04EC0-301F-11D3-BF4B-00C04F79EFBC}") = "Snake Test", "Snake Test\Snake Test.csproj", "{E41C06C8-2039-46B0-9C8D-5E5AEBA8A082}"
EndProject
Global
	GlobalSection(SolutionConfigurationPlatforms) = preSolution
		Debug|Any CPU = Debug|Any CPU
		Release|Any CPU = Release|Any CPU
	EndGlobalSection
	GlobalSection(ProjectConfigurationPlatforms) = postSolution
		{E41C06C8-2039-46B0-9C8D-5E5AEBA8A082}.Debug|Any CPU.ActiveCfg = Debug|Any CPU
		{E41C06C8-2039-46B0-9C8D-5E5AEBA8A082}.Debug|Any CPU.Build.0 = Debug|Any CPU
		{E41C06C8-2039-46B0-9C8D-5E5AEBA8A082}.Release|Any CPU.ActiveCfg = Release|Any CPU
		{E41C06C8-2039-46B0-9C8D-5E5AEBA8A082}.Release|Any CPU.Build.0 = Release|Any CPU
	EndGlobalSection
	GlobalSection(SolutionProperties) = preSolution
		HideSolutionNode = FALSE
	EndGlobalSection
	GlobalSection(ExtensibilityGlobals) = postSolution
		SolutionGuid = {1913AE2F-48DC-4811-9FF2-D64A7F8F5CA6}
	EndGlobalSection
EndGlobal
